
Microsoft Visual Studio Solution File, Format Version 12.00
# Visual Studio Version 17
VisualStudioVersion = 17.13.35617.110
MinimumVisualStudioVersion = 10.0.40219.1
Project("{FAE04EC0-301F-11D3-BF4B-00C04F79EFBC}") = "MQTT.Broker", "MQTT.Broker\MQTT.Broker.csproj", "{BD00867D-D10E-4192-86A7-0A7AB711415B}"
EndProject
Project("{FAE04EC0-301F-11D3-BF4B-00C04F79EFBC}") = "MQTT.Publisher", "MQTT.Publisher\MQTT.Publisher.csproj", "{FE2081CA-DEFE-4657-846B-B07582E9C356}"
EndProject
Project("{FAE04EC0-301F-11D3-BF4B-00C04F79EFBC}") = "MQTT.Subsriber", "MQTT.Subsriber\MQTT.Subsriber.csproj", "{450C89BE-0060-45C2-896A-111A99BBE9C0}"
EndProject
Project("{FAE04EC0-301F-11D3-BF4B-00C04F79EFBC}") = "MQTT.FormConnect", "MQTT.FormConnect\MQTT.FormConnect.csproj", "{7B065B33-34C1-4626-83E3-8B5001DE1D05}"
EndProject
Global
	GlobalSection(SolutionConfigurationPlatforms) = preSolution
		Debug|Any CPU = Debug|Any CPU
		Release|Any CPU = Release|Any CPU
	EndGlobalSection
	GlobalSection(ProjectConfigurationPlatforms) = postSolution
		{BD00867D-D10E-4192-86A7-0A7AB711415B}.Debug|Any CPU.ActiveCfg = Debug|Any CPU
		{BD00867D-D10E-4192-86A7-0A7AB711415B}.Debug|Any CPU.Build.0 = Debug|Any CPU
		{BD00867D-D10E-4192-86A7-0A7AB711415B}.Release|Any CPU.ActiveCfg = Release|Any CPU
		{BD00867D-D10E-4192-86A7-0A7AB711415B}.Release|Any CPU.Build.0 = Release|Any CPU
		{FE2081CA-DEFE-4657-846B-B07582E9C356}.Debug|Any CPU.ActiveCfg = Debug|Any CPU
		{FE2081CA-DEFE-4657-846B-B07582E9C356}.Debug|Any CPU.Build.0 = Debug|Any CPU
		{FE2081CA-DEFE-4657-846B-B07582E9C356}.Release|Any CPU.ActiveCfg = Release|Any CPU
		{FE2081CA-DEFE-4657-846B-B07582E9C356}.Release|Any CPU.Build.0 = Release|Any CPU
		{450C89BE-0060-45C2-896A-111A99BBE9C0}.Debug|Any CPU.ActiveCfg = Debug|Any CPU
		{450C89BE-0060-45C2-896A-111A99BBE9C0}.Debug|Any CPU.Build.0 = Debug|Any CPU
		{450C89BE-0060-45C2-896A-111A99BBE9C0}.Release|Any CPU.ActiveCfg = Release|Any CPU
		{450C89BE-0060-45C2-896A-111A99BBE9C0}.Release|Any CPU.Build.0 = Release|Any CPU
		{7B065B33-34C1-4626-83E3-8B5001DE1D05}.Debug|Any CPU.ActiveCfg = Debug|Any CPU
		{7B065B33-34C1-4626-83E3-8B5001DE1D05}.Debug|Any CPU.Build.0 = Debug|Any CPU
		{7B065B33-34C1-4626-83E3-8B5001DE1D05}.Release|Any CPU.ActiveCfg = Release|Any CPU
		{7B065B33-34C1-4626-83E3-8B5001DE1D05}.Release|Any CPU.Build.0 = Release|Any CPU
	EndGlobalSection
	GlobalSection(SolutionProperties) = preSolution
		HideSolutionNode = FALSE
	EndGlobalSection
	GlobalSection(ExtensibilityGlobals) = postSolution
		SolutionGuid = {96FF4F2F-CE46-48EB-AD7F-D277FA87B794}
	EndGlobalSection
EndGlobal
